
Microsoft Visual Studio Solution File, Format Version 12.00
# Visual Studio Version 17
VisualStudioVersion = 17.11.35327.3
MinimumVisualStudioVersion = 10.0.40219.1
Project("{FAE04EC0-301F-11D3-BF4B-00C04F79EFBC}") = "Emlak_Library", "Emlak_Library\Emlak_Library.csproj", "{382C49D2-2623-4179-B17C-9B75A55182A1}"
EndProject
Global
	GlobalSection(SolutionConfigurationPlatforms) = preSolution
		Debug|Any CPU = Debug|Any CPU
		Release|Any CPU = Release|Any CPU
	EndGlobalSection
	GlobalSection(ProjectConfigurationPlatforms) = postSolution
		{382C49D2-2623-4179-B17C-9B75A55182A1}.Debug|Any CPU.ActiveCfg = Debug|Any CPU
		{382C49D2-2623-4179-B17C-9B75A55182A1}.Debug|Any CPU.Build.0 = Debug|Any CPU
		{382C49D2-2623-4179-B17C-9B75A55182A1}.Release|Any CPU.ActiveCfg = Release|Any CPU
		{382C49D2-2623-4179-B17C-9B75A55182A1}.Release|Any CPU.Build.0 = Release|Any CPU
	EndGlobalSection
	GlobalSection(SolutionProperties) = preSolution
		HideSolutionNode = FALSE
	EndGlobalSection
	GlobalSection(ExtensibilityGlobals) = postSolution
		SolutionGuid = {B4CCADC7-997E-401D-9157-428B32B0D92A}
	EndGlobalSection
EndGlobal
